{
  "pins" : [
    {
      "identity" : "alamofire",
      "kind" : "remoteSourceControl",
      "location" : "https://github.com/Alamofire/Alamofire.git",
      "state" : {
        "revision" : "354dda32d89fc8cd4f5c46487f64957d355f53d8",
        "version" : "5.6.1"
      }
    },
    {
      "identity" : "mycryptocoinswiftlibrary",
      "kind" : "remoteSourceControl",
      "location" : "https://github.com/rcvrgs/MyCryptoCoinSwiftLibrary",
      "state" : {
        "branch" : "main",
        "revision" : "c7552e6f5079b585f32807a0948094cfa323deba"
      }
    }
  ],
  "version" : 2
}
